
Microsoft Visual Studio Solution File, Format Version 12.00
# Visual Studio Version 17
VisualStudioVersion = 17.10.35027.167
MinimumVisualStudioVersion = 10.0.40219.1
Project("{FAE04EC0-301F-11D3-BF4B-00C04F79EFBC}") = "BibliotecaV", "BibliotecaV\BibliotecaV.csproj", "{FFF979CB-99FB-46CB-8D0D-5100207DAAC9}"
EndProject
Global
	GlobalSection(SolutionConfigurationPlatforms) = preSolution
		Debug|Any CPU = Debug|Any CPU
		Release|Any CPU = Release|Any CPU
	EndGlobalSection
	GlobalSection(ProjectConfigurationPlatforms) = postSolution
		{FFF979CB-99FB-46CB-8D0D-5100207DAAC9}.Debug|Any CPU.ActiveCfg = Debug|Any CPU
		{FFF979CB-99FB-46CB-8D0D-5100207DAAC9}.Debug|Any CPU.Build.0 = Debug|Any CPU
		{FFF979CB-99FB-46CB-8D0D-5100207DAAC9}.Release|Any CPU.ActiveCfg = Release|Any CPU
		{FFF979CB-99FB-46CB-8D0D-5100207DAAC9}.Release|Any CPU.Build.0 = Release|Any CPU
	EndGlobalSection
	GlobalSection(SolutionProperties) = preSolution
		HideSolutionNode = FALSE
	EndGlobalSection
	GlobalSection(ExtensibilityGlobals) = postSolution
		SolutionGuid = {2F432227-0D07-4C39-9C9F-9528A85167AD}
	EndGlobalSection
EndGlobal
